// !$*UTF8*$!
{
	archiveVersion = 1;
	classes = {
	};
	objectVersion = 55;
	objects = {

/* Begin PBXBuildFile section */
		DD049F7C2746BC67003AD635 /* AppDelegate.swift in Sources */ = {isa = PBXBuildFile; fileRef = DD049F7B2746BC67003AD635 /* AppDelegate.swift */; };
		DD049F7E2746BC67003AD635 /* SceneDelegate.swift in Sources */ = {isa = PBXBuildFile; fileRef = DD049F7D2746BC67003AD635 /* SceneDelegate.swift */; };
		DD049F802746BC67003AD635 /* HomePageVC.swift in Sources */ = {isa = PBXBuildFile; fileRef = DD049F7F2746BC67003AD635 /* HomePageVC.swift */; };
		DD049F832746BC67003AD635 /* Main.storyboard in Resources */ = {isa = PBXBuildFile; fileRef = DD049F812746BC67003AD635 /* Main.storyboard */; };
		DD049F862746BC67003AD635 /* MatchPoint0.xcdatamodeld in Sources */ = {isa = PBXBuildFile; fileRef = DD049F842746BC67003AD635 /* MatchPoint0.xcdatamodeld */; };
		DD049F882746BC6B003AD635 /* Assets.xcassets in Resources */ = {isa = PBXBuildFile; fileRef = DD049F872746BC6B003AD635 /* Assets.xcassets */; };
		DD049F8B2746BC6B003AD635 /* LaunchScreen.storyboard in Resources */ = {isa = PBXBuildFile; fileRef = DD049F892746BC6B003AD635 /* LaunchScreen.storyboard */; };
		DD049F9627482390003AD635 /* SettingTableVC.swift in Sources */ = {isa = PBXBuildFile; fileRef = DD049F9527482390003AD635 /* SettingTableVC.swift */; };
		DD049F98274823CD003AD635 /* ColorListTableVC.swift in Sources */ = {isa = PBXBuildFile; fileRef = DD049F97274823CD003AD635 /* ColorListTableVC.swift */; };
		DD049F9A2748269C003AD635 /* Constant.swift in Sources */ = {isa = PBXBuildFile; fileRef = DD049F992748269C003AD635 /* Constant.swift */; };
		DD049F9C274932AA003AD635 /* TeamData.swift in Sources */ = {isa = PBXBuildFile; fileRef = DD049F9B274932AA003AD635 /* TeamData.swift */; };
		DD049F9E27496E5C003AD635 /* ColorListTableViewCell.swift in Sources */ = {isa = PBXBuildFile; fileRef = DD049F9D27496E5C003AD635 /* ColorListTableViewCell.swift */; };
/* End PBXBuildFile section */

/* Begin PBXFileReference section */
		DD049F782746BC66003AD635 /* MatchPoint0.app */ = {isa = PBXFileReference; explicitFileType = wrapper.application; includeInIndex = 0; path = MatchPoint0.app; sourceTree = BUILT_PRODUCTS_DIR; };
		DD049F7B2746BC67003AD635 /* AppDelegate.swift */ = {isa = PBXFileReference; lastKnownFileType = sourcecode.swift; path = AppDelegate.swift; sourceTree = "<group>"; };
		DD049F7D2746BC67003AD635 /* SceneDelegate.swift */ = {isa = PBXFileReference; lastKnownFileType = sourcecode.swift; path = SceneDelegate.swift; sourceTree = "<group>"; };
		DD049F7F2746BC67003AD635 /* HomePageVC.swift */ = {isa = PBXFileReference; lastKnownFileType = sourcecode.swift; path = HomePageVC.swift; sourceTree = "<group>"; };
		DD049F822746BC67003AD635 /* Base */ = {isa = PBXFileReference; lastKnownFileType = file.storyboard; name = Base; path = Base.lproj/Main.storyboard; sourceTree = "<group>"; };
		DD049F852746BC67003AD635 /* MatchPoint0.xcdatamodel */ = {isa = PBXFileReference; lastKnownFileType = wrapper.xcdatamodel; path = MatchPoint0.xcdatamodel; sourceTree = "<group>"; };
		DD049F872746BC6B003AD635 /* Assets.xcassets */ = {isa = PBXFileReference; lastKnownFileType = folder.assetcatalog; path = Assets.xcassets; sourceTree = "<group>"; };
		DD049F8A2746BC6B003AD635 /* Base */ = {isa = PBXFileReference; lastKnownFileType = file.storyboard; name = Base; path = Base.lproj/LaunchScreen.storyboard; sourceTree = "<group>"; };
		DD049F8C2746BC6B003AD635 /* Info.plist */ = {isa = PBXFileReference; lastKnownFileType = text.plist.xml; path = Info.plist; sourceTree = "<group>"; };
		DD049F9527482390003AD635 /* SettingTableVC.swift */ = {isa = PBXFileReference; lastKnownFileType = sourcecode.swift; path = SettingTableVC.swift; sourceTree = "<group>"; };
		DD049F97274823CD003AD635 /* ColorListTableVC.swift */ = {isa = PBXFileReference; lastKnownFileType = sourcecode.swift; path = ColorListTableVC.swift; sourceTree = "<group>"; };
		DD049F992748269C003AD635 /* Constant.swift */ = {isa = PBXFileReference; lastKnownFileType = sourcecode.swift; path = Constant.swift; sourceTree = "<group>"; };
		DD049F9B274932AA003AD635 /* TeamData.swift */ = {isa = PBXFileReference; lastKnownFileType = sourcecode.swift; path = TeamData.swift; sourceTree = "<group>"; };
		DD049F9D27496E5C003AD635 /* ColorListTableViewCell.swift */ = {isa = PBXFileReference; lastKnownFileType = sourcecode.swift; path = ColorListTableViewCell.swift; sourceTree = "<group>"; };
/* End PBXFileReference section */

/* Begin PBXFrameworksBuildPhase section */
		DD049F752746BC66003AD635 /* Frameworks */ = {
			isa = PBXFrameworksBuildPhase;
			buildActionMask = 2147483647;
			files = (
			);
			runOnlyForDeploymentPostprocessing = 0;
		};
/* End PBXFrameworksBuildPhase section */

/* Begin PBXGroup section */
		DD049F6F2746BC66003AD635 = {
			isa = PBXGroup;
			children = (
				DD049F7A2746BC66003AD635 /* MatchPoint0 */,
				DD049F792746BC66003AD635 /* Products */,
			);
			sourceTree = "<group>";
		};
		DD049F792746BC66003AD635 /* Products */ = {
			isa = PBXGroup;
			children = (
				DD049F782746BC66003AD635 /* MatchPoint0.app */,
			);
			name = Products;
			sourceTree = "<group>";
		};
		DD049F7A2746BC66003AD635 /* MatchPoint0 */ = {
			isa = PBXGroup;
			children = (
				DD049F942746BFD3003AD635 /* Data */,
				DD049F932746BC98003AD635 /* Controller */,
				DD049F922746BC89003AD635 /* View */,
				DD049F7B2746BC67003AD635 /* AppDelegate.swift */,
				DD049F7D2746BC67003AD635 /* SceneDelegate.swift */,
				DD049F872746BC6B003AD635 /* Assets.xcassets */,
				DD049F892746BC6B003AD635 /* LaunchScreen.storyboard */,
				DD049F8C2746BC6B003AD635 /* Info.plist */,
				DD049F842746BC67003AD635 /* MatchPoint0.xcdatamodeld */,
			);
			path = MatchPoint0;
			sourceTree = "<group>";
		};
		DD049F922746BC89003AD635 /* View */ = {
			isa = PBXGroup;
			children = (
				DD049F812746BC67003AD635 /* Main.storyboard */,
			);
			path = View;
			sourceTree = "<group>";
		};
		DD049F932746BC98003AD635 /* Controller */ = {
			isa = PBXGroup;
			children = (
				DD049F7F2746BC67003AD635 /* HomePageVC.swift */,
				DD049F9527482390003AD635 /* SettingTableVC.swift */,
				DD049F97274823CD003AD635 /* ColorListTableVC.swift */,
				DD049F9D27496E5C003AD635 /* ColorListTableViewCell.swift */,
			);
			path = Controller;
			sourceTree = "<group>";
		};
		DD049F942746BFD3003AD635 /* Data */ = {
			isa = PBXGroup;
			children = (
				DD049F992748269C003AD635 /* Constant.swift */,
				DD049F9B274932AA003AD635 /* TeamData.swift */,
			);
			path = Data;
			sourceTree = "<group>";
		};
/* End PBXGroup section */

/* Begin PBXNativeTarget section */
		DD049F772746BC66003AD635 /* MatchPoint0 */ = {
			isa = PBXNativeTarget;
			buildConfigurationList = DD049F8F2746BC6B003AD635 /* Build configuration list for PBXNativeTarget "MatchPoint0" */;
			buildPhases = (
				DD049F742746BC66003AD635 /* Sources */,
				DD049F752746BC66003AD635 /* Frameworks */,
				DD049F762746BC66003AD635 /* Resources */,
			);
			buildRules = (
			);
			dependencies = (
			);
			name = MatchPoint0;
			productName = MatchPoint0;
			productReference = DD049F782746BC66003AD635 /* MatchPoint0.app */;
			productType = "com.apple.product-type.application";
		};
/* End PBXNativeTarget section */

/* Begin PBXProject section */
		DD049F702746BC66003AD635 /* Project object */ = {
			isa = PBXProject;
			attributes = {
				BuildIndependentTargetsInParallel = 1;
				LastSwiftUpdateCheck = 1300;
				LastUpgradeCheck = 1300;
				TargetAttributes = {
					DD049F772746BC66003AD635 = {
						CreatedOnToolsVersion = 13.0;
					};
				};
			};
			buildConfigurationList = DD049F732746BC66003AD635 /* Build configuration list for PBXProject "MatchPoint0" */;
			compatibilityVersion = "Xcode 13.0";
			developmentRegion = en;
			hasScannedForEncodings = 0;
			knownRegions = (
				en,
				Base,
			);
			mainGroup = DD049F6F2746BC66003AD635;
			productRefGroup = DD049F792746BC66003AD635 /* Products */;
			projectDirPath = "";
			projectRoot = "";
			targets = (
				DD049F772746BC66003AD635 /* MatchPoint0 */,
			);
		};
/* End PBXProject section */

/* Begin PBXResourcesBuildPhase section */
		DD049F762746BC66003AD635 /* Resources */ = {
			isa = PBXResourcesBuildPhase;
			buildActionMask = 2147483647;
			files = (
				DD049F8B2746BC6B003AD635 /* LaunchScreen.storyboard in Resources */,
				DD049F882746BC6B003AD635 /* Assets.xcassets in Resources */,
				DD049F832746BC67003AD635 /* Main.storyboard in Resources */,
			);
			runOnlyForDeploymentPostprocessing = 0;
		};
/* End PBXResourcesBuildPhase section */

/* Begin PBXSourcesBuildPhase section */
		DD049F742746BC66003AD635 /* Sources */ = {
			isa = PBXSourcesBuildPhase;
			buildActionMask = 2147483647;
			files = (
				DD049F9A2748269C003AD635 /* Constant.swift in Sources */,
				DD049F802746BC67003AD635 /* HomePageVC.swift in Sources */,
				DD049F9C274932AA003AD635 /* TeamData.swift in Sources */,
				DD049F7C2746BC67003AD635 /* AppDelegate.swift in Sources */,
				DD049F7E2746BC67003AD635 /* SceneDelegate.swift in Sources */,
				DD049F98274823CD003AD635 /* ColorListTableVC.swift in Sources */,
				DD049F9E27496E5C003AD635 /* ColorListTableViewCell.swift in Sources */,
				DD049F862746BC67003AD635 /* MatchPoint0.xcdatamodeld in Sources */,
				DD049F9627482390003AD635 /* SettingTableVC.swift in Sources */,
			);
			runOnlyForDeploymentPostprocessing = 0;
		};
/* End PBXSourcesBuildPhase section */

/* Begin PBXVariantGroup section */
		DD049F812746BC67003AD635 /* Main.storyboard */ = {
			isa = PBXVariantGroup;
			children = (
				DD049F822746BC67003AD635 /* Base */,
			);
			name = Main.storyboard;
			sourceTree = "<group>";
		};
		DD049F892746BC6B003AD635 /* LaunchScreen.storyboard */ = {
			isa = PBXVariantGroup;
			children = (
				DD049F8A2746BC6B003AD635 /* Base */,
			);
			name = LaunchScreen.storyboard;
			sourceTree = "<group>";
		};
/* End PBXVariantGroup section */

/* Begin XCBuildConfiguration section */
		DD049F8D2746BC6B003AD635 /* Debug */ = {
			isa = XCBuildConfiguration;
			buildSettings = {
				ALWAYS_SEARCH_USER_PATHS = NO;
				CLANG_ANALYZER_NONNULL = YES;
				CLANG_ANALYZER_NUMBER_OBJECT_CONVERSION = YES_AGGRESSIVE;
				CLANG_CXX_LANGUAGE_STANDARD = "gnu++17";
				CLANG_CXX_LIBRARY = "libc++";
				CLANG_ENABLE_MODULES = YES;
				CLANG_ENABLE_OBJC_ARC = YES;
				CLANG_ENABLE_OBJC_WEAK = YES;
				CLANG_WARN_BLOCK_CAPTURE_AUTORELEASING = YES;
				CLANG_WARN_BOOL_CONVERSION = YES;
				CLANG_WARN_COMMA = YES;
				CLANG_WARN_CONSTANT_CONVERSION = YES;
				CLANG_WARN_DEPRECATED_OBJC_IMPLEMENTATIONS = YES;
				CLANG_WARN_DIRECT_OBJC_ISA_USAGE = YES_ERROR;
				CLANG_WARN_DOCUMENTATION_COMMENTS = YES;
				CLANG_WARN_EMPTY_BODY = YES;
				CLANG_WARN_ENUM_CONVERSION = YES;
				CLANG_WARN_INFINITE_RECURSION = YES;
				CLANG_WARN_INT_CONVERSION = YES;
				CLANG_WARN_NON_LITERAL_NULL_CONVERSION = YES;
				CLANG_WARN_OBJC_IMPLICIT_RETAIN_SELF = YES;
				CLANG_WARN_OBJC_LITERAL_CONVERSION = YES;
				CLANG_WARN_OBJC_ROOT_CLASS = YES_ERROR;
				CLANG_WARN_QUOTED_INCLUDE_IN_FRAMEWORK_HEADER = YES;
				CLANG_WARN_RANGE_LOOP_ANALYSIS = YES;
				CLANG_WARN_STRICT_PROTOTYPES = YES;
				CLANG_WARN_SUSPICIOUS_MOVE = YES;
				CLANG_WARN_UNGUARDED_AVAILABILITY = YES_AGGRESSIVE;
				CLANG_WARN_UNREACHABLE_CODE = YES;
				CLANG_WARN__DUPLICATE_METHOD_MATCH = YES;
				COPY_PHASE_STRIP = NO;
				DEBUG_INFORMATION_FORMAT = dwarf;
				ENABLE_STRICT_OBJC_MSGSEND = YES;
				ENABLE_TESTABILITY = YES;
				GCC_C_LANGUAGE_STANDARD = gnu11;
				GCC_DYNAMIC_NO_PIC = NO;
				GCC_NO_COMMON_BLOCKS = YES;
				GCC_OPTIMIZATION_LEVEL = 0;
				GCC_PREPROCESSOR_DEFINITIONS = (
					"DEBUG=1",
					"$(inherited)",
				);
				GCC_WARN_64_TO_32_BIT_CONVERSION = YES;
				GCC_WARN_ABOUT_RETURN_TYPE = YES_ERROR;
				GCC_WARN_UNDECLARED_SELECTOR = YES;
				GCC_WARN_UNINITIALIZED_AUTOS = YES_AGGRESSIVE;
				GCC_WARN_UNUSED_FUNCTION = YES;
				GCC_WARN_UNUSED_VARIABLE = YES;
				IPHONEOS_DEPLOYMENT_TARGET = 15.0;
				MTL_ENABLE_DEBUG_INFO = INCLUDE_SOURCE;
				MTL_FAST_MATH = YES;
				ONLY_ACTIVE_ARCH = YES;
				SDKROOT = iphoneos;
				SWIFT_ACTIVE_COMPILATION_CONDITIONS = DEBUG;
				SWIFT_OPTIMIZATION_LEVEL = "-Onone";
			};
			name = Debug;
		};
		DD049F8E2746BC6B003AD635 /* Release */ = {
			isa = XCBuildConfiguration;
			buildSettings = {
				ALWAYS_SEARCH_USER_PATHS = NO;
				CLANG_ANALYZER_NONNULL = YES;
				CLANG_ANALYZER_NUMBER_OBJECT_CONVERSION = YES_AGGRESSIVE;
				CLANG_CXX_LANGUAGE_STANDARD = "gnu++17";
				CLANG_CXX_LIBRARY = "libc++";
				CLANG_ENABLE_MODULES = YES;
				CLANG_ENABLE_OBJC_ARC = YES;
				CLANG_ENABLE_OBJC_WEAK = YES;
				CLANG_WARN_BLOCK_CAPTURE_AUTORELEASING = YES;
				CLANG_WARN_BOOL_CONVERSION = YES;
				CLANG_WARN_COMMA = YES;
				CLANG_WARN_CONSTANT_CONVERSION = YES;
				CLANG_WARN_DEPRECATED_OBJC_IMPLEMENTATIONS = YES;
				CLANG_WARN_DIRECT_OBJC_ISA_USAGE = YES_ERROR;
				CLANG_WARN_DOCUMENTATION_COMMENTS = YES;
				CLANG_WARN_EMPTY_BODY = YES;
				CLANG_WARN_ENUM_CONVERSION = YES;
				CLANG_WARN_INFINITE_RECURSION = YES;
				CLANG_WARN_INT_CONVERSION = YES;
				CLANG_WARN_NON_LITERAL_NULL_CONVERSION = YES;
				CLANG_WARN_OBJC_IMPLICIT_RETAIN_SELF = YES;
				CLANG_WARN_OBJC_LITERAL_CONVERSION = YES;
				CLANG_WARN_OBJC_ROOT_CLASS = YES_ERROR;
				CLANG_WARN_QUOTED_INCLUDE_IN_FRAMEWORK_HEADER = YES;
				CLANG_WARN_RANGE_LOOP_ANALYSIS = YES;
				CLANG_WARN_STRICT_PROTOTYPES = YES;
				CLANG_WARN_SUSPICIOUS_MOVE = YES;
				CLANG_WARN_UNGUARDED_AVAILABILITY = YES_AGGRESSIVE;
				CLANG_WARN_UNREACHABLE_CODE = YES;
				CLANG_WARN__DUPLICATE_METHOD_MATCH = YES;
				COPY_PHASE_STRIP = NO;
				DEBUG_INFORMATION_FORMAT = "dwarf-with-dsym";
				ENABLE_NS_ASSERTIONS = NO;
				ENABLE_STRICT_OBJC_MSGSEND = YES;
				GCC_C_LANGUAGE_STANDARD = gnu11;
				GCC_NO_COMMON_BLOCKS = YES;
				GCC_WARN_64_TO_32_BIT_CONVERSION = YES;
				GCC_WARN_ABOUT_RETURN_TYPE = YES_ERROR;
				GCC_WARN_UNDECLARED_SELECTOR = YES;
				GCC_WARN_UNINITIALIZED_AUTOS = YES_AGGRESSIVE;
				GCC_WARN_UNUSED_FUNCTION = YES;
				GCC_WARN_UNUSED_VARIABLE = YES;
				IPHONEOS_DEPLOYMENT_TARGET = 15.0;
				MTL_ENABLE_DEBUG_INFO = NO;
				MTL_FAST_MATH = YES;
				SDKROOT = iphoneos;
				SWIFT_COMPILATION_MODE = wholemodule;
				SWIFT_OPTIMIZATION_LEVEL = "-O";
				VALIDATE_PRODUCT = YES;
			};
			name = Release;
		};
		DD049F902746BC6B003AD635 /* Debug */ = {
			isa = XCBuildConfiguration;
			buildSettings = {
				ASSETCATALOG_COMPILER_APPICON_NAME = AppIcon;
				ASSETCATALOG_COMPILER_GLOBAL_ACCENT_COLOR_NAME = AccentColor;
				CODE_SIGN_STYLE = Automatic;
				CURRENT_PROJECT_VERSION = 1;
				DEVELOPMENT_TEAM = N3RLP9749V;
				GENERATE_INFOPLIST_FILE = YES;
				INFOPLIST_FILE = MatchPoint0/Info.plist;
				INFOPLIST_KEY_UIApplicationSupportsIndirectInputEvents = YES;
				INFOPLIST_KEY_UILaunchStoryboardName = LaunchScreen;
				INFOPLIST_KEY_UIMainStoryboardFile = Main;
				INFOPLIST_KEY_UISupportedInterfaceOrientations_iPad = "UIInterfaceOrientationPortrait UIInterfaceOrientationPortraitUpsideDown UIInterfaceOrientationLandscapeLeft UIInterfaceOrientationLandscapeRight";
				INFOPLIST_KEY_UISupportedInterfaceOrientations_iPhone = "UIInterfaceOrientationPortrait UIInterfaceOrientationLandscapeLeft UIInterfaceOrientationLandscapeRight";
				LD_RUNPATH_SEARCH_PATHS = (
					"$(inherited)",
					"@executable_path/Frameworks",
				);
				MARKETING_VERSION = 1.0;
				PRODUCT_BUNDLE_IDENTIFIER = com.gooLITE.MatchPoint0;
				PRODUCT_NAME = "$(TARGET_NAME)";
				SWIFT_EMIT_LOC_STRINGS = YES;
				SWIFT_VERSION = 5.0;
				TARGETED_DEVICE_FAMILY = "1,2";
			};
			name = Debug;
		};
		DD049F912746BC6B003AD635 /* Release */ = {
			isa = XCBuildConfiguration;
			buildSettings = {
				ASSETCATALOG_COMPILER_APPICON_NAME = AppIcon;
				ASSETCATALOG_COMPILER_GLOBAL_ACCENT_COLOR_NAME = AccentColor;
				CODE_SIGN_STYLE = Automatic;
				CURRENT_PROJECT_VERSION = 1;
				DEVELOPMENT_TEAM = N3RLP9749V;
				GENERATE_INFOPLIST_FILE = YES;
				INFOPLIST_FILE = MatchPoint0/Info.plist;
				INFOPLIST_KEY_UIApplicationSupportsIndirectInputEvents = YES;
				INFOPLIST_KEY_UILaunchStoryboardName = LaunchScreen;
				INFOPLIST_KEY_UIMainStoryboardFile = Main;
				INFOPLIST_KEY_UISupportedInterfaceOrientations_iPad = "UIInterfaceOrientationPortrait UIInterfaceOrientationPortraitUpsideDown UIInterfaceOrientationLandscapeLeft UIInterfaceOrientationLandscapeRight";
				INFOPLIST_KEY_UISupportedInterfaceOrientations_iPhone = "UIInterfaceOrientationPortrait UIInterfaceOrientationLandscapeLeft UIInterfaceOrientationLandscapeRight";
				LD_RUNPATH_SEARCH_PATHS = (
					"$(inherited)",
					"@executable_path/Frameworks",
				);
				MARKETING_VERSION = 1.0;
				PRODUCT_BUNDLE_IDENTIFIER = com.gooLITE.MatchPoint0;
				PRODUCT_NAME = "$(TARGET_NAME)";
				SWIFT_EMIT_LOC_STRINGS = YES;
				SWIFT_VERSION = 5.0;
				TARGETED_DEVICE_FAMILY = "1,2";
			};
			name = Release;
		};
/* End XCBuildConfiguration section */

/* Begin XCConfigurationList section */
		DD049F732746BC66003AD635 /* Build configuration list for PBXProject "MatchPoint0" */ = {
			isa = XCConfigurationList;
			buildConfigurations = (
				DD049F8D2746BC6B003AD635 /* Debug */,
				DD049F8E2746BC6B003AD635 /* Release */,
			);
			defaultConfigurationIsVisible = 0;
			defaultConfigurationName = Release;
		};
		DD049F8F2746BC6B003AD635 /* Build configuration list for PBXNativeTarget "MatchPoint0" */ = {
			isa = XCConfigurationList;
			buildConfigurations = (
				DD049F902746BC6B003AD635 /* Debug */,
				DD049F912746BC6B003AD635 /* Release */,
			);
			defaultConfigurationIsVisible = 0;
			defaultConfigurationName = Release;
		};
/* End XCConfigurationList section */

/* Begin XCVersionGroup section */
		DD049F842746BC67003AD635 /* MatchPoint0.xcdatamodeld */ = {
			isa = XCVersionGroup;
			children = (
				DD049F852746BC67003AD635 /* MatchPoint0.xcdatamodel */,
			);
			currentVersion = DD049F852746BC67003AD635 /* MatchPoint0.xcdatamodel */;
			path = MatchPoint0.xcdatamodeld;
			sourceTree = "<group>";
			versionGroupType = wrapper.xcdatamodel;
		};
/* End XCVersionGroup section */
	};
	rootObject = DD049F702746BC66003AD635 /* Project object */;
}
